<?xml version="1.0" encoding="utf-8"?>
<Project ToolsVersion="4.0" xmlns="http://schemas.microsoft.com/developer/msbuild/2003">
  <ItemGroup>
    <ClCompile Include="control.cpp">
      <Filter>source</Filter>
    </ClCompile>
    <ClCompile Include="display.cpp">
      <Filter>source</Filter>
    </ClCompile>
    <ClCompile Include="main.cpp">
      <Filter>source</Filter>
    </ClCompile>
    <ClCompile Include="Rect.cpp">
      <Filter>source</Filter>
    </ClCompile>
    <ClCompile Include="wall.cpp">
      <Filter>source</Filter>
    </ClCompile>
    <ClCompile Include="model.cpp">
      <Filter>source</Filter>
    </ClCompile>
    <ClCompile Include="player.cpp">
      <Filter>source</Filter>
    </ClCompile>
  </ItemGroup>
  <ItemGroup>
    <ClInclude Include="control.h">
      <Filter>head</Filter>
    </ClInclude>
    <ClInclude Include="display.h">
      <Filter>head</Filter>
    </ClInclude>
    <ClInclude Include="Rect.h">
      <Filter>head</Filter>
    </ClInclude>
    <ClInclude Include="wall.h">
      <Filter>head</Filter>
    </ClInclude>
    <ClInclude Include="model.h">
      <Filter>head</Filter>
    </ClInclude>
    <ClInclude Include="player.h">
      <Filter>head</Filter>
    </ClInclude>
  </ItemGroup>
  <ItemGroup>
    <None Include="packages.config" />
  </ItemGroup>
  <ItemGroup>
    <Filter Include="source">
      <UniqueIdentifier>{0a5f202a-3888-471b-b149-4131dc175fe1}</UniqueIdentifier>
    </Filter>
    <Filter Include="head">
      <UniqueIdentifier>{7e8164f4-8cbc-49ab-b3d3-5d1368a094f8}</UniqueIdentifier>
    </Filter>
  </ItemGroup>
</Project>